// !$*UTF8*$!
{
	archiveVersion = 1;
	classes = {
	};
	objectVersion = 55;
	objects = {

/* Begin PBXBuildFile section */
		100C3C702830F3EC00C41111 /* RegisterController.swift in Sources */ = {isa = PBXBuildFile; fileRef = 100C3C6F2830F3EC00C41111 /* RegisterController.swift */; };
		100C3C732830F98700C41111 /* Assets.xcassets in Resources */ = {isa = PBXBuildFile; fileRef = 100C3C712830F98600C41111 /* Assets.xcassets */; };
		100C3C742830F98700C41111 /* AppDelegate.swift in Sources */ = {isa = PBXBuildFile; fileRef = 100C3C722830F98600C41111 /* AppDelegate.swift */; };
		100C3C762830F9B000C41111 /* SceneDelegate.swift in Sources */ = {isa = PBXBuildFile; fileRef = 100C3C752830F9B000C41111 /* SceneDelegate.swift */; };
		100C3C78283101B300C41111 /* ProfileController.swift in Sources */ = {isa = PBXBuildFile; fileRef = 100C3C77283101B200C41111 /* ProfileController.swift */; };
		100C3C7A28310C6C00C41111 /* CreatePostController.swift in Sources */ = {isa = PBXBuildFile; fileRef = 100C3C7928310C6C00C41111 /* CreatePostController.swift */; };
		10288AA3282FADF900CED90E /* ViewController.swift in Sources */ = {isa = PBXBuildFile; fileRef = 10288AA2282FADF900CED90E /* ViewController.swift */; };
		10288AA6282FADF900CED90E /* Main.storyboard in Resources */ = {isa = PBXBuildFile; fileRef = 10288AA4282FADF900CED90E /* Main.storyboard */; };
		10288AB6282FAE0000CED90E /* RoomTests.swift in Sources */ = {isa = PBXBuildFile; fileRef = 10288AB5282FAE0000CED90E /* RoomTests.swift */; };
		10288AC0282FAE0000CED90E /* RoomUITests.swift in Sources */ = {isa = PBXBuildFile; fileRef = 10288ABF282FAE0000CED90E /* RoomUITests.swift */; };
		10288AC2282FAE0000CED90E /* RoomUITestsLaunchTests.swift in Sources */ = {isa = PBXBuildFile; fileRef = 10288AC1282FAE0000CED90E /* RoomUITestsLaunchTests.swift */; };
		10288ACF282FAF5100CED90E /* GoogleService-Info.plist in Resources */ = {isa = PBXBuildFile; fileRef = 10288ACE282FAF5100CED90E /* GoogleService-Info.plist */; };
		10288AD2282FC43E00CED90E /* FirebaseAuth in Frameworks */ = {isa = PBXBuildFile; productRef = 10288AD1282FC43E00CED90E /* FirebaseAuth */; };
		10288AD4282FC43E00CED90E /* FirebaseDatabase in Frameworks */ = {isa = PBXBuildFile; productRef = 10288AD3282FC43E00CED90E /* FirebaseDatabase */; };
		10288AD6282FC43E00CED90E /* FirebaseFirestore in Frameworks */ = {isa = PBXBuildFile; productRef = 10288AD5282FC43E00CED90E /* FirebaseFirestore */; };
		10288AD8282FC43E00CED90E /* FirebaseStorage in Frameworks */ = {isa = PBXBuildFile; productRef = 10288AD7282FC43E00CED90E /* FirebaseStorage */; };
/* End PBXBuildFile section */

/* Begin PBXContainerItemProxy section */
		10288AB2282FAE0000CED90E /* PBXContainerItemProxy */ = {
			isa = PBXContainerItemProxy;
			containerPortal = 10288A93282FADF900CED90E /* Project object */;
			proxyType = 1;
			remoteGlobalIDString = 10288A9A282FADF900CED90E;
			remoteInfo = Room;
		};
		10288ABC282FAE0000CED90E /* PBXContainerItemProxy */ = {
			isa = PBXContainerItemProxy;
			containerPortal = 10288A93282FADF900CED90E /* Project object */;
			proxyType = 1;
			remoteGlobalIDString = 10288A9A282FADF900CED90E;
			remoteInfo = Room;
		};
/* End PBXContainerItemProxy section */

/* Begin PBXFileReference section */
		100C3C6F2830F3EC00C41111 /* RegisterController.swift */ = {isa = PBXFileReference; lastKnownFileType = sourcecode.swift; path = RegisterController.swift; sourceTree = "<group>"; };
		100C3C712830F98600C41111 /* Assets.xcassets */ = {isa = PBXFileReference; lastKnownFileType = folder.assetcatalog; path = Assets.xcassets; sourceTree = "<group>"; };
		100C3C722830F98600C41111 /* AppDelegate.swift */ = {isa = PBXFileReference; fileEncoding = 4; lastKnownFileType = sourcecode.swift; path = AppDelegate.swift; sourceTree = "<group>"; };
		100C3C752830F9B000C41111 /* SceneDelegate.swift */ = {isa = PBXFileReference; fileEncoding = 4; lastKnownFileType = sourcecode.swift; path = SceneDelegate.swift; sourceTree = "<group>"; };
		100C3C77283101B200C41111 /* ProfileController.swift */ = {isa = PBXFileReference; lastKnownFileType = sourcecode.swift; path = ProfileController.swift; sourceTree = "<group>"; };
		100C3C7928310C6C00C41111 /* CreatePostController.swift */ = {isa = PBXFileReference; lastKnownFileType = sourcecode.swift; path = CreatePostController.swift; sourceTree = "<group>"; };
		10288A9B282FADF900CED90E /* Room.app */ = {isa = PBXFileReference; explicitFileType = wrapper.application; includeInIndex = 0; path = Room.app; sourceTree = BUILT_PRODUCTS_DIR; };
		10288AA2282FADF900CED90E /* ViewController.swift */ = {isa = PBXFileReference; lastKnownFileType = sourcecode.swift; path = ViewController.swift; sourceTree = "<group>"; };
		10288AA5282FADF900CED90E /* Base */ = {isa = PBXFileReference; lastKnownFileType = file.storyboard; name = Base; path = Base.lproj/Main.storyboard; sourceTree = "<group>"; };
		10288AAC282FADFF00CED90E /* Info.plist */ = {isa = PBXFileReference; lastKnownFileType = text.plist.xml; path = Info.plist; sourceTree = "<group>"; };
		10288AB1282FAE0000CED90E /* RoomTests.xctest */ = {isa = PBXFileReference; explicitFileType = wrapper.cfbundle; includeInIndex = 0; path = RoomTests.xctest; sourceTree = BUILT_PRODUCTS_DIR; };
		10288AB5282FAE0000CED90E /* RoomTests.swift */ = {isa = PBXFileReference; lastKnownFileType = sourcecode.swift; path = RoomTests.swift; sourceTree = "<group>"; };
		10288ABB282FAE0000CED90E /* RoomUITests.xctest */ = {isa = PBXFileReference; explicitFileType = wrapper.cfbundle; includeInIndex = 0; path = RoomUITests.xctest; sourceTree = BUILT_PRODUCTS_DIR; };
		10288ABF282FAE0000CED90E /* RoomUITests.swift */ = {isa = PBXFileReference; lastKnownFileType = sourcecode.swift; path = RoomUITests.swift; sourceTree = "<group>"; };
		10288AC1282FAE0000CED90E /* RoomUITestsLaunchTests.swift */ = {isa = PBXFileReference; lastKnownFileType = sourcecode.swift; path = RoomUITestsLaunchTests.swift; sourceTree = "<group>"; };
		10288ACE282FAF5100CED90E /* GoogleService-Info.plist */ = {isa = PBXFileReference; fileEncoding = 4; lastKnownFileType = text.plist.xml; path = "GoogleService-Info.plist"; sourceTree = "<group>"; };
/* End PBXFileReference section */

/* Begin PBXFrameworksBuildPhase section */
		10288A98282FADF900CED90E /* Frameworks */ = {
			isa = PBXFrameworksBuildPhase;
			buildActionMask = 2147483647;
			files = (
				10288AD4282FC43E00CED90E /* FirebaseDatabase in Frameworks */,
				10288AD8282FC43E00CED90E /* FirebaseStorage in Frameworks */,
				10288AD2282FC43E00CED90E /* FirebaseAuth in Frameworks */,
				10288AD6282FC43E00CED90E /* FirebaseFirestore in Frameworks */,
			);
			runOnlyForDeploymentPostprocessing = 0;
		};
		10288AAE282FAE0000CED90E /* Frameworks */ = {
			isa = PBXFrameworksBuildPhase;
			buildActionMask = 2147483647;
			files = (
			);
			runOnlyForDeploymentPostprocessing = 0;
		};
		10288AB8282FAE0000CED90E /* Frameworks */ = {
			isa = PBXFrameworksBuildPhase;
			buildActionMask = 2147483647;
			files = (
			);
			runOnlyForDeploymentPostprocessing = 0;
		};
/* End PBXFrameworksBuildPhase section */

/* Begin PBXGroup section */
		100C3C6E2830ED2500C41111 /* Models */ = {
			isa = PBXGroup;
			children = (
			);
			path = Models;
			sourceTree = "<group>";
		};
		10288A92282FADF900CED90E = {
			isa = PBXGroup;
			children = (
				10288A9D282FADF900CED90E /* Room */,
				10288AB4282FAE0000CED90E /* RoomTests */,
				10288ABE282FAE0000CED90E /* RoomUITests */,
				10288A9C282FADF900CED90E /* Products */,
			);
			sourceTree = "<group>";
		};
		10288A9C282FADF900CED90E /* Products */ = {
			isa = PBXGroup;
			children = (
				10288A9B282FADF900CED90E /* Room.app */,
				10288AB1282FAE0000CED90E /* RoomTests.xctest */,
				10288ABB282FAE0000CED90E /* RoomUITests.xctest */,
			);
			name = Products;
			sourceTree = "<group>";
		};
		10288A9D282FADF900CED90E /* Room */ = {
			isa = PBXGroup;
			children = (
				100C3C752830F9B000C41111 /* SceneDelegate.swift */,
				100C3C722830F98600C41111 /* AppDelegate.swift */,
				100C3C712830F98600C41111 /* Assets.xcassets */,
				100C3C6E2830ED2500C41111 /* Models */,
				10288ACE282FAF5100CED90E /* GoogleService-Info.plist */,
				10288AA2282FADF900CED90E /* ViewController.swift */,
				10288AA4282FADF900CED90E /* Main.storyboard */,
				10288AAC282FADFF00CED90E /* Info.plist */,
				100C3C6F2830F3EC00C41111 /* RegisterController.swift */,
				100C3C77283101B200C41111 /* ProfileController.swift */,
				100C3C7928310C6C00C41111 /* CreatePostController.swift */,
			);
			path = Room;
			sourceTree = "<group>";
		};
		10288AB4282FAE0000CED90E /* RoomTests */ = {
			isa = PBXGroup;
			children = (
				10288AB5282FAE0000CED90E /* RoomTests.swift */,
			);
			path = RoomTests;
			sourceTree = "<group>";
		};
		10288ABE282FAE0000CED90E /* RoomUITests */ = {
			isa = PBXGroup;
			children = (
				10288ABF282FAE0000CED90E /* RoomUITests.swift */,
				10288AC1282FAE0000CED90E /* RoomUITestsLaunchTests.swift */,
			);
			path = RoomUITests;
			sourceTree = "<group>";
		};
/* End PBXGroup section */

/* Begin PBXNativeTarget section */
		10288A9A282FADF900CED90E /* Room */ = {
			isa = PBXNativeTarget;
			buildConfigurationList = 10288AC5282FAE0000CED90E /* Build configuration list for PBXNativeTarget "Room" */;
			buildPhases = (
				10288A97282FADF900CED90E /* Sources */,
				10288A98282FADF900CED90E /* Frameworks */,
				10288A99282FADF900CED90E /* Resources */,
			);
			buildRules = (
			);
			dependencies = (
			);
			name = Room;
			packageProductDependencies = (
				10288AD1282FC43E00CED90E /* FirebaseAuth */,
				10288AD3282FC43E00CED90E /* FirebaseDatabase */,
				10288AD5282FC43E00CED90E /* FirebaseFirestore */,
				10288AD7282FC43E00CED90E /* FirebaseStorage */,
			);
			productName = Room;
			productReference = 10288A9B282FADF900CED90E /* Room.app */;
			productType = "com.apple.product-type.application";
		};
		10288AB0282FAE0000CED90E /* RoomTests */ = {
			isa = PBXNativeTarget;
			buildConfigurationList = 10288AC8282FAE0000CED90E /* Build configuration list for PBXNativeTarget "RoomTests" */;
			buildPhases = (
				10288AAD282FAE0000CED90E /* Sources */,
				10288AAE282FAE0000CED90E /* Frameworks */,
				10288AAF282FAE0000CED90E /* Resources */,
			);
			buildRules = (
			);
			dependencies = (
				10288AB3282FAE0000CED90E /* PBXTargetDependency */,
			);
			name = RoomTests;
			productName = RoomTests;
			productReference = 10288AB1282FAE0000CED90E /* RoomTests.xctest */;
			productType = "com.apple.product-type.bundle.unit-test";
		};
		10288ABA282FAE0000CED90E /* RoomUITests */ = {
			isa = PBXNativeTarget;
			buildConfigurationList = 10288ACB282FAE0000CED90E /* Build configuration list for PBXNativeTarget "RoomUITests" */;
			buildPhases = (
				10288AB7282FAE0000CED90E /* Sources */,
				10288AB8282FAE0000CED90E /* Frameworks */,
				10288AB9282FAE0000CED90E /* Resources */,
			);
			buildRules = (
			);
			dependencies = (
				10288ABD282FAE0000CED90E /* PBXTargetDependency */,
			);
			name = RoomUITests;
			productName = RoomUITests;
			productReference = 10288ABB282FAE0000CED90E /* RoomUITests.xctest */;
			productType = "com.apple.product-type.bundle.ui-testing";
		};
/* End PBXNativeTarget section */

/* Begin PBXProject section */
		10288A93282FADF900CED90E /* Project object */ = {
			isa = PBXProject;
			attributes = {
				BuildIndependentTargetsInParallel = 1;
				LastSwiftUpdateCheck = 1320;
				LastUpgradeCheck = 1320;
				TargetAttributes = {
					10288A9A282FADF900CED90E = {
						CreatedOnToolsVersion = 13.2.1;
					};
					10288AB0282FAE0000CED90E = {
						CreatedOnToolsVersion = 13.2.1;
						TestTargetID = 10288A9A282FADF900CED90E;
					};
					10288ABA282FAE0000CED90E = {
						CreatedOnToolsVersion = 13.2.1;
						TestTargetID = 10288A9A282FADF900CED90E;
					};
				};
			};
			buildConfigurationList = 10288A96282FADF900CED90E /* Build configuration list for PBXProject "Room" */;
			compatibilityVersion = "Xcode 13.0";
			developmentRegion = en;
			hasScannedForEncodings = 0;
			knownRegions = (
				en,
				Base,
			);
			mainGroup = 10288A92282FADF900CED90E;
			packageReferences = (
				10288AD0282FC43D00CED90E /* XCRemoteSwiftPackageReference "firebase-ios-sdk" */,
			);
			productRefGroup = 10288A9C282FADF900CED90E /* Products */;
			projectDirPath = "";
			projectRoot = "";
			targets = (
				10288A9A282FADF900CED90E /* Room */,
				10288AB0282FAE0000CED90E /* RoomTests */,
				10288ABA282FAE0000CED90E /* RoomUITests */,
			);
		};
/* End PBXProject section */

/* Begin PBXResourcesBuildPhase section */
		10288A99282FADF900CED90E /* Resources */ = {
			isa = PBXResourcesBuildPhase;
			buildActionMask = 2147483647;
			files = (
				10288ACF282FAF5100CED90E /* GoogleService-Info.plist in Resources */,
				100C3C732830F98700C41111 /* Assets.xcassets in Resources */,
				10288AA6282FADF900CED90E /* Main.storyboard in Resources */,
			);
			runOnlyForDeploymentPostprocessing = 0;
		};
		10288AAF282FAE0000CED90E /* Resources */ = {
			isa = PBXResourcesBuildPhase;
			buildActionMask = 2147483647;
			files = (
			);
			runOnlyForDeploymentPostprocessing = 0;
		};
		10288AB9282FAE0000CED90E /* Resources */ = {
			isa = PBXResourcesBuildPhase;
			buildActionMask = 2147483647;
			files = (
			);
			runOnlyForDeploymentPostprocessing = 0;
		};
/* End PBXResourcesBuildPhase section */

/* Begin PBXSourcesBuildPhase section */
		10288A97282FADF900CED90E /* Sources */ = {
			isa = PBXSourcesBuildPhase;
			buildActionMask = 2147483647;
			files = (
				100C3C78283101B300C41111 /* ProfileController.swift in Sources */,
				100C3C742830F98700C41111 /* AppDelegate.swift in Sources */,
				100C3C702830F3EC00C41111 /* RegisterController.swift in Sources */,
				10288AA3282FADF900CED90E /* ViewController.swift in Sources */,
				100C3C762830F9B000C41111 /* SceneDelegate.swift in Sources */,
				100C3C7A28310C6C00C41111 /* CreatePostController.swift in Sources */,
			);
			runOnlyForDeploymentPostprocessing = 0;
		};
		10288AAD282FAE0000CED90E /* Sources */ = {
			isa = PBXSourcesBuildPhase;
			buildActionMask = 2147483647;
			files = (
				10288AB6282FAE0000CED90E /* RoomTests.swift in Sources */,
			);
			runOnlyForDeploymentPostprocessing = 0;
		};
		10288AB7282FAE0000CED90E /* Sources */ = {
			isa = PBXSourcesBuildPhase;
			buildActionMask = 2147483647;
			files = (
				10288AC0282FAE0000CED90E /* RoomUITests.swift in Sources */,
				10288AC2282FAE0000CED90E /* RoomUITestsLaunchTests.swift in Sources */,
			);
			runOnlyForDeploymentPostprocessing = 0;
		};
/* End PBXSourcesBuildPhase section */

/* Begin PBXTargetDependency section */
		10288AB3282FAE0000CED90E /* PBXTargetDependency */ = {
			isa = PBXTargetDependency;
			target = 10288A9A282FADF900CED90E /* Room */;
			targetProxy = 10288AB2282FAE0000CED90E /* PBXContainerItemProxy */;
		};
		10288ABD282FAE0000CED90E /* PBXTargetDependency */ = {
			isa = PBXTargetDependency;
			target = 10288A9A282FADF900CED90E /* Room */;
			targetProxy = 10288ABC282FAE0000CED90E /* PBXContainerItemProxy */;
		};
/* End PBXTargetDependency section */

/* Begin PBXVariantGroup section */
		10288AA4282FADF900CED90E /* Main.storyboard */ = {
			isa = PBXVariantGroup;
			children = (
				10288AA5282FADF900CED90E /* Base */,
			);
			name = Main.storyboard;
			sourceTree = "<group>";
		};
/* End PBXVariantGroup section */

/* Begin XCBuildConfiguration section */
		10288AC3282FAE0000CED90E /* Debug */ = {
			isa = XCBuildConfiguration;
			buildSettings = {
				ALWAYS_SEARCH_USER_PATHS = NO;
				CLANG_ANALYZER_NONNULL = YES;
				CLANG_ANALYZER_NUMBER_OBJECT_CONVERSION = YES_AGGRESSIVE;
				CLANG_CXX_LANGUAGE_STANDARD = "gnu++17";
				CLANG_CXX_LIBRARY = "libc++";
				CLANG_ENABLE_MODULES = YES;
				CLANG_ENABLE_OBJC_ARC = YES;
				CLANG_ENABLE_OBJC_WEAK = YES;
				CLANG_WARN_BLOCK_CAPTURE_AUTORELEASING = YES;
				CLANG_WARN_BOOL_CONVERSION = YES;
				CLANG_WARN_COMMA = YES;
				CLANG_WARN_CONSTANT_CONVERSION = YES;
				CLANG_WARN_DEPRECATED_OBJC_IMPLEMENTATIONS = YES;
				CLANG_WARN_DIRECT_OBJC_ISA_USAGE = YES_ERROR;
				CLANG_WARN_DOCUMENTATION_COMMENTS = YES;
				CLANG_WARN_EMPTY_BODY = YES;
				CLANG_WARN_ENUM_CONVERSION = YES;
				CLANG_WARN_INFINITE_RECURSION = YES;
				CLANG_WARN_INT_CONVERSION = YES;
				CLANG_WARN_NON_LITERAL_NULL_CONVERSION = YES;
				CLANG_WARN_OBJC_IMPLICIT_RETAIN_SELF = YES;
				CLANG_WARN_OBJC_LITERAL_CONVERSION = YES;
				CLANG_WARN_OBJC_ROOT_CLASS = YES_ERROR;
				CLANG_WARN_QUOTED_INCLUDE_IN_FRAMEWORK_HEADER = YES;
				CLANG_WARN_RANGE_LOOP_ANALYSIS = YES;
				CLANG_WARN_STRICT_PROTOTYPES = YES;
				CLANG_WARN_SUSPICIOUS_MOVE = YES;
				CLANG_WARN_UNGUARDED_AVAILABILITY = YES_AGGRESSIVE;
				CLANG_WARN_UNREACHABLE_CODE = YES;
				CLANG_WARN__DUPLICATE_METHOD_MATCH = YES;
				COPY_PHASE_STRIP = NO;
				DEBUG_INFORMATION_FORMAT = dwarf;
				ENABLE_STRICT_OBJC_MSGSEND = YES;
				ENABLE_TESTABILITY = YES;
				GCC_C_LANGUAGE_STANDARD = gnu11;
				GCC_DYNAMIC_NO_PIC = NO;
				GCC_NO_COMMON_BLOCKS = YES;
				GCC_OPTIMIZATION_LEVEL = 0;
				GCC_PREPROCESSOR_DEFINITIONS = (
					"DEBUG=1",
					"$(inherited)",
				);
				GCC_WARN_64_TO_32_BIT_CONVERSION = YES;
				GCC_WARN_ABOUT_RETURN_TYPE = YES_ERROR;
				GCC_WARN_UNDECLARED_SELECTOR = YES;
				GCC_WARN_UNINITIALIZED_AUTOS = YES_AGGRESSIVE;
				GCC_WARN_UNUSED_FUNCTION = YES;
				GCC_WARN_UNUSED_VARIABLE = YES;
				IPHONEOS_DEPLOYMENT_TARGET = 15.2;
				MTL_ENABLE_DEBUG_INFO = INCLUDE_SOURCE;
				MTL_FAST_MATH = YES;
				ONLY_ACTIVE_ARCH = YES;
				SDKROOT = iphoneos;
				SWIFT_ACTIVE_COMPILATION_CONDITIONS = DEBUG;
				SWIFT_OPTIMIZATION_LEVEL = "-Onone";
			};
			name = Debug;
		};
		10288AC4282FAE0000CED90E /* Release */ = {
			isa = XCBuildConfiguration;
			buildSettings = {
				ALWAYS_SEARCH_USER_PATHS = NO;
				CLANG_ANALYZER_NONNULL = YES;
				CLANG_ANALYZER_NUMBER_OBJECT_CONVERSION = YES_AGGRESSIVE;
				CLANG_CXX_LANGUAGE_STANDARD = "gnu++17";
				CLANG_CXX_LIBRARY = "libc++";
				CLANG_ENABLE_MODULES = YES;
				CLANG_ENABLE_OBJC_ARC = YES;
				CLANG_ENABLE_OBJC_WEAK = YES;
				CLANG_WARN_BLOCK_CAPTURE_AUTORELEASING = YES;
				CLANG_WARN_BOOL_CONVERSION = YES;
				CLANG_WARN_COMMA = YES;
				CLANG_WARN_CONSTANT_CONVERSION = YES;
				CLANG_WARN_DEPRECATED_OBJC_IMPLEMENTATIONS = YES;
				CLANG_WARN_DIRECT_OBJC_ISA_USAGE = YES_ERROR;
				CLANG_WARN_DOCUMENTATION_COMMENTS = YES;
				CLANG_WARN_EMPTY_BODY = YES;
				CLANG_WARN_ENUM_CONVERSION = YES;
				CLANG_WARN_INFINITE_RECURSION = YES;
				CLANG_WARN_INT_CONVERSION = YES;
				CLANG_WARN_NON_LITERAL_NULL_CONVERSION = YES;
				CLANG_WARN_OBJC_IMPLICIT_RETAIN_SELF = YES;
				CLANG_WARN_OBJC_LITERAL_CONVERSION = YES;
				CLANG_WARN_OBJC_ROOT_CLASS = YES_ERROR;
				CLANG_WARN_QUOTED_INCLUDE_IN_FRAMEWORK_HEADER = YES;
				CLANG_WARN_RANGE_LOOP_ANALYSIS = YES;
				CLANG_WARN_STRICT_PROTOTYPES = YES;
				CLANG_WARN_SUSPICIOUS_MOVE = YES;
				CLANG_WARN_UNGUARDED_AVAILABILITY = YES_AGGRESSIVE;
				CLANG_WARN_UNREACHABLE_CODE = YES;
				CLANG_WARN__DUPLICATE_METHOD_MATCH = YES;
				COPY_PHASE_STRIP = NO;
				DEBUG_INFORMATION_FORMAT = "dwarf-with-dsym";
				ENABLE_NS_ASSERTIONS = NO;
				ENABLE_STRICT_OBJC_MSGSEND = YES;
				GCC_C_LANGUAGE_STANDARD = gnu11;
				GCC_NO_COMMON_BLOCKS = YES;
				GCC_WARN_64_TO_32_BIT_CONVERSION = YES;
				GCC_WARN_ABOUT_RETURN_TYPE = YES_ERROR;
				GCC_WARN_UNDECLARED_SELECTOR = YES;
				GCC_WARN_UNINITIALIZED_AUTOS = YES_AGGRESSIVE;
				GCC_WARN_UNUSED_FUNCTION = YES;
				GCC_WARN_UNUSED_VARIABLE = YES;
				IPHONEOS_DEPLOYMENT_TARGET = 15.2;
				MTL_ENABLE_DEBUG_INFO = NO;
				MTL_FAST_MATH = YES;
				SDKROOT = iphoneos;
				SWIFT_COMPILATION_MODE = wholemodule;
				SWIFT_OPTIMIZATION_LEVEL = "-O";
				VALIDATE_PRODUCT = YES;
			};
			name = Release;
		};
		10288AC6282FAE0000CED90E /* Debug */ = {
			isa = XCBuildConfiguration;
			buildSettings = {
				ASSETCATALOG_COMPILER_APPICON_NAME = AppIcon;
				ASSETCATALOG_COMPILER_GLOBAL_ACCENT_COLOR_NAME = AccentColor;
				CODE_SIGN_STYLE = Automatic;
				CURRENT_PROJECT_VERSION = 1;
				GENERATE_INFOPLIST_FILE = YES;
				INFOPLIST_FILE = Room/Info.plist;
				INFOPLIST_KEY_UIApplicationSupportsIndirectInputEvents = YES;
				INFOPLIST_KEY_UILaunchStoryboardName = LaunchScreen;
				INFOPLIST_KEY_UIMainStoryboardFile = Main;
				INFOPLIST_KEY_UISupportedInterfaceOrientations_iPad = "UIInterfaceOrientationPortrait UIInterfaceOrientationPortraitUpsideDown UIInterfaceOrientationLandscapeLeft UIInterfaceOrientationLandscapeRight";
				INFOPLIST_KEY_UISupportedInterfaceOrientations_iPhone = "UIInterfaceOrientationPortrait UIInterfaceOrientationLandscapeLeft UIInterfaceOrientationLandscapeRight";
				LD_RUNPATH_SEARCH_PATHS = (
					"$(inherited)",
					"@executable_path/Frameworks",
				);
				MARKETING_VERSION = 1.0;
				PRODUCT_BUNDLE_IDENTIFIER = vn.edu.tdc.Room;
				PRODUCT_NAME = "$(TARGET_NAME)";
				SWIFT_EMIT_LOC_STRINGS = YES;
				SWIFT_VERSION = 5.0;
				TARGETED_DEVICE_FAMILY = "1,2";
			};
			name = Debug;
		};
		10288AC7282FAE0000CED90E /* Release */ = {
			isa = XCBuildConfiguration;
			buildSettings = {
				ASSETCATALOG_COMPILER_APPICON_NAME = AppIcon;
				ASSETCATALOG_COMPILER_GLOBAL_ACCENT_COLOR_NAME = AccentColor;
				CODE_SIGN_STYLE = Automatic;
				CURRENT_PROJECT_VERSION = 1;
				GENERATE_INFOPLIST_FILE = YES;
				INFOPLIST_FILE = Room/Info.plist;
				INFOPLIST_KEY_UIApplicationSupportsIndirectInputEvents = YES;
				INFOPLIST_KEY_UILaunchStoryboardName = LaunchScreen;
				INFOPLIST_KEY_UIMainStoryboardFile = Main;
				INFOPLIST_KEY_UISupportedInterfaceOrientations_iPad = "UIInterfaceOrientationPortrait UIInterfaceOrientationPortraitUpsideDown UIInterfaceOrientationLandscapeLeft UIInterfaceOrientationLandscapeRight";
				INFOPLIST_KEY_UISupportedInterfaceOrientations_iPhone = "UIInterfaceOrientationPortrait UIInterfaceOrientationLandscapeLeft UIInterfaceOrientationLandscapeRight";
				LD_RUNPATH_SEARCH_PATHS = (
					"$(inherited)",
					"@executable_path/Frameworks",
				);
				MARKETING_VERSION = 1.0;
				PRODUCT_BUNDLE_IDENTIFIER = vn.edu.tdc.Room;
				PRODUCT_NAME = "$(TARGET_NAME)";
				SWIFT_EMIT_LOC_STRINGS = YES;
				SWIFT_VERSION = 5.0;
				TARGETED_DEVICE_FAMILY = "1,2";
			};
			name = Release;
		};
		10288AC9282FAE0000CED90E /* Debug */ = {
			isa = XCBuildConfiguration;
			buildSettings = {
				ALWAYS_EMBED_SWIFT_STANDARD_LIBRARIES = YES;
				BUNDLE_LOADER = "$(TEST_HOST)";
				CODE_SIGN_STYLE = Automatic;
				CURRENT_PROJECT_VERSION = 1;
				GENERATE_INFOPLIST_FILE = YES;
				IPHONEOS_DEPLOYMENT_TARGET = 15.2;
				MARKETING_VERSION = 1.0;
				PRODUCT_BUNDLE_IDENTIFIER = vn.edu.tdc.RoomTests;
				PRODUCT_NAME = "$(TARGET_NAME)";
				SWIFT_EMIT_LOC_STRINGS = NO;
				SWIFT_VERSION = 5.0;
				TARGETED_DEVICE_FAMILY = "1,2";
				TEST_HOST = "$(BUILT_PRODUCTS_DIR)/Room.app/Room";
			};
			name = Debug;
		};
		10288ACA282FAE0000CED90E /* Release */ = {
			isa = XCBuildConfiguration;
			buildSettings = {
				ALWAYS_EMBED_SWIFT_STANDARD_LIBRARIES = YES;
				BUNDLE_LOADER = "$(TEST_HOST)";
				CODE_SIGN_STYLE = Automatic;
				CURRENT_PROJECT_VERSION = 1;
				GENERATE_INFOPLIST_FILE = YES;
				IPHONEOS_DEPLOYMENT_TARGET = 15.2;
				MARKETING_VERSION = 1.0;
				PRODUCT_BUNDLE_IDENTIFIER = vn.edu.tdc.RoomTests;
				PRODUCT_NAME = "$(TARGET_NAME)";
				SWIFT_EMIT_LOC_STRINGS = NO;
				SWIFT_VERSION = 5.0;
				TARGETED_DEVICE_FAMILY = "1,2";
				TEST_HOST = "$(BUILT_PRODUCTS_DIR)/Room.app/Room";
			};
			name = Release;
		};
		10288ACC282FAE0000CED90E /* Debug */ = {
			isa = XCBuildConfiguration;
			buildSettings = {
				ALWAYS_EMBED_SWIFT_STANDARD_LIBRARIES = YES;
				CODE_SIGN_STYLE = Automatic;
				CURRENT_PROJECT_VERSION = 1;
				GENERATE_INFOPLIST_FILE = YES;
				MARKETING_VERSION = 1.0;
				PRODUCT_BUNDLE_IDENTIFIER = vn.edu.tdc.RoomUITests;
				PRODUCT_NAME = "$(TARGET_NAME)";
				SWIFT_EMIT_LOC_STRINGS = NO;
				SWIFT_VERSION = 5.0;
				TARGETED_DEVICE_FAMILY = "1,2";
				TEST_TARGET_NAME = Room;
			};
			name = Debug;
		};
		10288ACD282FAE0000CED90E /* Release */ = {
			isa = XCBuildConfiguration;
			buildSettings = {
				ALWAYS_EMBED_SWIFT_STANDARD_LIBRARIES = YES;
				CODE_SIGN_STYLE = Automatic;
				CURRENT_PROJECT_VERSION = 1;
				GENERATE_INFOPLIST_FILE = YES;
				MARKETING_VERSION = 1.0;
				PRODUCT_BUNDLE_IDENTIFIER = vn.edu.tdc.RoomUITests;
				PRODUCT_NAME = "$(TARGET_NAME)";
				SWIFT_EMIT_LOC_STRINGS = NO;
				SWIFT_VERSION = 5.0;
				TARGETED_DEVICE_FAMILY = "1,2";
				TEST_TARGET_NAME = Room;
			};
			name = Release;
		};
/* End XCBuildConfiguration section */

/* Begin XCConfigurationList section */
		10288A96282FADF900CED90E /* Build configuration list for PBXProject "Room" */ = {
			isa = XCConfigurationList;
			buildConfigurations = (
				10288AC3282FAE0000CED90E /* Debug */,
				10288AC4282FAE0000CED90E /* Release */,
			);
			defaultConfigurationIsVisible = 0;
			defaultConfigurationName = Release;
		};
		10288AC5282FAE0000CED90E /* Build configuration list for PBXNativeTarget "Room" */ = {
			isa = XCConfigurationList;
			buildConfigurations = (
				10288AC6282FAE0000CED90E /* Debug */,
				10288AC7282FAE0000CED90E /* Release */,
			);
			defaultConfigurationIsVisible = 0;
			defaultConfigurationName = Release;
		};
		10288AC8282FAE0000CED90E /* Build configuration list for PBXNativeTarget "RoomTests" */ = {
			isa = XCConfigurationList;
			buildConfigurations = (
				10288AC9282FAE0000CED90E /* Debug */,
				10288ACA282FAE0000CED90E /* Release */,
			);
			defaultConfigurationIsVisible = 0;
			defaultConfigurationName = Release;
		};
		10288ACB282FAE0000CED90E /* Build configuration list for PBXNativeTarget "RoomUITests" */ = {
			isa = XCConfigurationList;
			buildConfigurations = (
				10288ACC282FAE0000CED90E /* Debug */,
				10288ACD282FAE0000CED90E /* Release */,
			);
			defaultConfigurationIsVisible = 0;
			defaultConfigurationName = Release;
		};
/* End XCConfigurationList section */

/* Begin XCRemoteSwiftPackageReference section */
		10288AD0282FC43D00CED90E /* XCRemoteSwiftPackageReference "firebase-ios-sdk" */ = {
			isa = XCRemoteSwiftPackageReference;
			repositoryURL = "https://github.com/firebase/firebase-ios-sdk";
			requirement = {
				kind = versionRange;
				maximumVersion = 10.0.0;
				minimumVersion = 9.0.0;
			};
		};
/* End XCRemoteSwiftPackageReference section */

/* Begin XCSwiftPackageProductDependency section */
		10288AD1282FC43E00CED90E /* FirebaseAuth */ = {
			isa = XCSwiftPackageProductDependency;
			package = 10288AD0282FC43D00CED90E /* XCRemoteSwiftPackageReference "firebase-ios-sdk" */;
			productName = FirebaseAuth;
		};
		10288AD3282FC43E00CED90E /* FirebaseDatabase */ = {
			isa = XCSwiftPackageProductDependency;
			package = 10288AD0282FC43D00CED90E /* XCRemoteSwiftPackageReference "firebase-ios-sdk" */;
			productName = FirebaseDatabase;
		};
		10288AD5282FC43E00CED90E /* FirebaseFirestore */ = {
			isa = XCSwiftPackageProductDependency;
			package = 10288AD0282FC43D00CED90E /* XCRemoteSwiftPackageReference "firebase-ios-sdk" */;
			productName = FirebaseFirestore;
		};
		10288AD7282FC43E00CED90E /* FirebaseStorage */ = {
			isa = XCSwiftPackageProductDependency;
			package = 10288AD0282FC43D00CED90E /* XCRemoteSwiftPackageReference "firebase-ios-sdk" */;
			productName = FirebaseStorage;
		};
/* End XCSwiftPackageProductDependency section */
	};
	rootObject = 10288A93282FADF900CED90E /* Project object */;
}
